{
    "version": 3,
    "terraform_version": "0.9.3",
    "serial": 5,
    "lineage": "a9fd0174-2702-4905-8e58-900013b8496a",
    "modules": [
        {
            "path": [
                "root"
            ],
            "outputs": {},
            "resources": {
                "digitalocean_droplet.delta_droplet": {
                    "type": "digitalocean_droplet",
                    "depends_on": [],
                    "primary": {
                        "id": "45828610",
                        "attributes": {
                            "backups": "true",
                            "disk": "30",
                            "id": "45828610",
                            "image": "ubuntu-16-10-x64",
                            "ipv4_address": "198.199.65.236",
                            "ipv4_address_private": "10.136.22.154",
                            "locked": "false",
                            "name": "delta_lookup_tool",
                            "private_networking": "true",
                            "region": "nyc1",
                            "resize_disk": "true",
                            "size": "1gb",
                            "ssh_keys.#": "1",
                            "ssh_keys.0": "8187378",
                            "status": "active",
                            "tags.#": "0",
                            "user_data": "#cloud-config\n\npackage_upgrade: true\n\npackages:\n  - apt-transport-https\n  - ca-certificates\n  - curl\n\nruncmd:\n  # Install docker-ce\n  - curl -fsSL https://download.docker.com/linux/ubuntu/gpg | sudo apt-key add -\n  - sudo add-apt-repository \"deb [arch=amd64] https://download.docker.com/linux/ubuntu $(lsb_release -cs) stable\"\n  - sudo apt-get install -y docker -ce\n\n\n  # Get the app up and running\n  - [mkdir, -p, /opt/apps/deltanyc-heatseek]\n  - git clone https://github.com/chrishenry/deltanyc-heatseek /opt/apps/deltanyc-heatseek\n",
                            "vcpus": "1"
                        },
                        "meta": {},
                        "tainted": false
                    },
                    "deposed": [],
                    "provider": ""
                }
            },
            "depends_on": []
        }
    ]
}
